
Microsoft Visual Studio Solution File, Format Version 12.00
# Visual Studio Version 17
VisualStudioVersion = 17.0.31903.59
MinimumVisualStudioVersion = 10.0.40219.1
Project("{FAE04EC0-301F-11D3-BF4B-00C04F79EFBC}") = "Core", "Core\Core.csproj", "{4CE8CB13-8C13-4C25-AA30-60D2358BE1FA}"
EndProject
Project("{FAE04EC0-301F-11D3-BF4B-00C04F79EFBC}") = "Tests", "Tests\Tests.csproj", "{3D82058D-59AC-4815-A310-32D693E1CEB2}"
EndProject
Project("{FAE04EC0-301F-11D3-BF4B-00C04F79EFBC}") = "App", "App\App.csproj", "{5C5120BC-D108-466C-8E19-22F944732177}"
EndProject
Global
	GlobalSection(SolutionConfigurationPlatforms) = preSolution
		Debug|Any CPU = Debug|Any CPU
		Release|Any CPU = Release|Any CPU
	EndGlobalSection
	GlobalSection(SolutionProperties) = preSolution
		HideSolutionNode = FALSE
	EndGlobalSection
	GlobalSection(ProjectConfigurationPlatforms) = postSolution
		{4CE8CB13-8C13-4C25-AA30-60D2358BE1FA}.Debug|Any CPU.ActiveCfg = Debug|Any CPU
		{4CE8CB13-8C13-4C25-AA30-60D2358BE1FA}.Debug|Any CPU.Build.0 = Debug|Any CPU
		{4CE8CB13-8C13-4C25-AA30-60D2358BE1FA}.Release|Any CPU.ActiveCfg = Release|Any CPU
		{4CE8CB13-8C13-4C25-AA30-60D2358BE1FA}.Release|Any CPU.Build.0 = Release|Any CPU
		{3D82058D-59AC-4815-A310-32D693E1CEB2}.Debug|Any CPU.ActiveCfg = Debug|Any CPU
		{3D82058D-59AC-4815-A310-32D693E1CEB2}.Debug|Any CPU.Build.0 = Debug|Any CPU
		{3D82058D-59AC-4815-A310-32D693E1CEB2}.Release|Any CPU.ActiveCfg = Release|Any CPU
		{3D82058D-59AC-4815-A310-32D693E1CEB2}.Release|Any CPU.Build.0 = Release|Any CPU
		{5C5120BC-D108-466C-8E19-22F944732177}.Debug|Any CPU.ActiveCfg = Debug|Any CPU
		{5C5120BC-D108-466C-8E19-22F944732177}.Debug|Any CPU.Build.0 = Debug|Any CPU
		{5C5120BC-D108-466C-8E19-22F944732177}.Release|Any CPU.ActiveCfg = Release|Any CPU
		{5C5120BC-D108-466C-8E19-22F944732177}.Release|Any CPU.Build.0 = Release|Any CPU
	EndGlobalSection
EndGlobal
